// !$*UTF8*$!
{
	archiveVersion = 1;
	classes = {
	};
	objectVersion = 46;
	objects = {

/* Begin PBXBuildFile section */
		C92C05B81E28917B003F060D /* AppDelegate.swift in Sources */ = {isa = PBXBuildFile; fileRef = C92C05B71E28917B003F060D /* AppDelegate.swift */; };
		C92C05BD1E28917B003F060D /* Storyboard.storyboard in Resources */ = {isa = PBXBuildFile; fileRef = C92C05BB1E28917B003F060D /* Storyboard.storyboard */; };
		C92C05BF1E28917B003F060D /* Assets.xcassets in Resources */ = {isa = PBXBuildFile; fileRef = C92C05BE1E28917B003F060D /* Assets.xcassets */; };
		C92C05C21E28917B003F060D /* LaunchScreen.storyboard in Resources */ = {isa = PBXBuildFile; fileRef = C92C05C01E28917B003F060D /* LaunchScreen.storyboard */; };
		C92C05CD1E28917B003F060D /* WeatherForecastTests.swift in Sources */ = {isa = PBXBuildFile; fileRef = C92C05CC1E28917B003F060D /* WeatherForecastTests.swift */; };
		C92C05E21E2893C7003F060D /* WFWebServiceManager.swift in Sources */ = {isa = PBXBuildFile; fileRef = C92C05E11E2893C7003F060D /* WFWebServiceManager.swift */; };
		C92C05E61E2893FB003F060D /* City.swift in Sources */ = {isa = PBXBuildFile; fileRef = C92C05E51E2893FB003F060D /* City.swift */; };
		C92C05EA1E289410003F060D /* WFAddCityViewController.swift in Sources */ = {isa = PBXBuildFile; fileRef = C92C05E91E289410003F060D /* WFAddCityViewController.swift */; };
/* End PBXBuildFile section */

/* Begin PBXContainerItemProxy section */
		C92C05C91E28917B003F060D /* PBXContainerItemProxy */ = {
			isa = PBXContainerItemProxy;
			containerPortal = C92C05AC1E28917B003F060D /* Project object */;
			proxyType = 1;
			remoteGlobalIDString = C92C05B31E28917B003F060D;
			remoteInfo = WeatherForecast;
		};
/* End PBXContainerItemProxy section */

/* Begin PBXFileReference section */
		C92C05B41E28917B003F060D /* WeatherForecast.app */ = {isa = PBXFileReference; explicitFileType = wrapper.application; includeInIndex = 0; path = WeatherForecast.app; sourceTree = BUILT_PRODUCTS_DIR; };
		C92C05B71E28917B003F060D /* AppDelegate.swift */ = {isa = PBXFileReference; lastKnownFileType = sourcecode.swift; path = AppDelegate.swift; sourceTree = "<group>"; };
		C92C05BC1E28917B003F060D /* Base */ = {isa = PBXFileReference; lastKnownFileType = file.storyboard; name = Base; path = Base.lproj/Storyboard.storyboard; sourceTree = "<group>"; };
		C92C05BE1E28917B003F060D /* Assets.xcassets */ = {isa = PBXFileReference; lastKnownFileType = folder.assetcatalog; path = Assets.xcassets; sourceTree = "<group>"; };
		C92C05C11E28917B003F060D /* Base */ = {isa = PBXFileReference; lastKnownFileType = file.storyboard; name = Base; path = Base.lproj/LaunchScreen.storyboard; sourceTree = "<group>"; };
		C92C05C31E28917B003F060D /* Info.plist */ = {isa = PBXFileReference; lastKnownFileType = text.plist.xml; path = Info.plist; sourceTree = "<group>"; };
		C92C05C81E28917B003F060D /* WeatherForecastTests.xctest */ = {isa = PBXFileReference; explicitFileType = wrapper.cfbundle; includeInIndex = 0; path = WeatherForecastTests.xctest; sourceTree = BUILT_PRODUCTS_DIR; };
		C92C05CC1E28917B003F060D /* WeatherForecastTests.swift */ = {isa = PBXFileReference; lastKnownFileType = sourcecode.swift; path = WeatherForecastTests.swift; sourceTree = "<group>"; };
		C92C05CE1E28917B003F060D /* Info.plist */ = {isa = PBXFileReference; lastKnownFileType = text.plist.xml; path = Info.plist; sourceTree = "<group>"; };
		C92C05E11E2893C7003F060D /* WFWebServiceManager.swift */ = {isa = PBXFileReference; fileEncoding = 4; lastKnownFileType = sourcecode.swift; name = WFWebServiceManager.swift; path = Source/Helper/WFWebServiceManager.swift; sourceTree = "<group>"; };
		C92C05E51E2893FB003F060D /* City.swift */ = {isa = PBXFileReference; fileEncoding = 4; lastKnownFileType = sourcecode.swift; name = City.swift; path = Source/Model/City.swift; sourceTree = "<group>"; };
		C92C05E91E289410003F060D /* WFAddCityViewController.swift */ = {isa = PBXFileReference; fileEncoding = 4; lastKnownFileType = sourcecode.swift; name = WFAddCityViewController.swift; path = Source/Controller/WFAddCityViewController.swift; sourceTree = "<group>"; };
/* End PBXFileReference section */

/* Begin PBXFrameworksBuildPhase section */
		C92C05B11E28917B003F060D /* Frameworks */ = {
			isa = PBXFrameworksBuildPhase;
			buildActionMask = 2147483647;
			files = (
			);
			runOnlyForDeploymentPostprocessing = 0;
		};
		C92C05C51E28917B003F060D /* Frameworks */ = {
			isa = PBXFrameworksBuildPhase;
			buildActionMask = 2147483647;
			files = (
			);
			runOnlyForDeploymentPostprocessing = 0;
		};
/* End PBXFrameworksBuildPhase section */

/* Begin PBXGroup section */
		C92C05AB1E28917B003F060D = {
			isa = PBXGroup;
			children = (
				C92C05B61E28917B003F060D /* WeatherForecast */,
				C92C05CB1E28917B003F060D /* WeatherForecastTests */,
				C92C05B51E28917B003F060D /* Products */,
			);
			sourceTree = "<group>";
		};
		C92C05B51E28917B003F060D /* Products */ = {
			isa = PBXGroup;
			children = (
				C92C05B41E28917B003F060D /* WeatherForecast.app */,
				C92C05C81E28917B003F060D /* WeatherForecastTests.xctest */,
			);
			name = Products;
			sourceTree = "<group>";
		};
		C92C05B61E28917B003F060D /* WeatherForecast */ = {
			isa = PBXGroup;
			children = (
				C92C05DA1E28921B003F060D /* Source */,
				C92C05D91E289210003F060D /* UI */,
				C92C05D81E2891FF003F060D /* Resource */,
				C92C05D71E2891E4003F060D /* SupportingFiles */,
			);
			path = WeatherForecast;
			sourceTree = "<group>";
		};
		C92C05CB1E28917B003F060D /* WeatherForecastTests */ = {
			isa = PBXGroup;
			children = (
				C92C05CC1E28917B003F060D /* WeatherForecastTests.swift */,
				C92C05CE1E28917B003F060D /* Info.plist */,
			);
			path = WeatherForecastTests;
			sourceTree = "<group>";
		};
		C92C05D71E2891E4003F060D /* SupportingFiles */ = {
			isa = PBXGroup;
			children = (
				C92C05B71E28917B003F060D /* AppDelegate.swift */,
				C92C05C01E28917B003F060D /* LaunchScreen.storyboard */,
				C92C05C31E28917B003F060D /* Info.plist */,
			);
			name = SupportingFiles;
			sourceTree = "<group>";
		};
		C92C05D81E2891FF003F060D /* Resource */ = {
			isa = PBXGroup;
			children = (
				C92C05BE1E28917B003F060D /* Assets.xcassets */,
			);
			name = Resource;
			sourceTree = "<group>";
		};
		C92C05D91E289210003F060D /* UI */ = {
			isa = PBXGroup;
			children = (
				C92C05BB1E28917B003F060D /* Storyboard.storyboard */,
			);
			name = UI;
			sourceTree = "<group>";
		};
		C92C05DA1E28921B003F060D /* Source */ = {
			isa = PBXGroup;
			children = (
				C92C05DB1E289224003F060D /* Model */,
				C92C05DD1E289242003F060D /* View */,
				C92C05DE1E289245003F060D /* Controller */,
				C92C05DC1E28923F003F060D /* Helper */,
			);
			name = Source;
			sourceTree = "<group>";
		};
		C92C05DB1E289224003F060D /* Model */ = {
			isa = PBXGroup;
			children = (
				C92C05E51E2893FB003F060D /* City.swift */,
			);
			name = Model;
			sourceTree = "<group>";
		};
		C92C05DC1E28923F003F060D /* Helper */ = {
			isa = PBXGroup;
			children = (
				C92C05E11E2893C7003F060D /* WFWebServiceManager.swift */,
			);
			name = Helper;
			sourceTree = "<group>";
		};
		C92C05DD1E289242003F060D /* View */ = {
			isa = PBXGroup;
			children = (
			);
			name = View;
			sourceTree = "<group>";
		};
		C92C05DE1E289245003F060D /* Controller */ = {
			isa = PBXGroup;
			children = (
				C92C05E91E289410003F060D /* WFAddCityViewController.swift */,
			);
			name = Controller;
			sourceTree = "<group>";
		};
/* End PBXGroup section */

/* Begin PBXNativeTarget section */
		C92C05B31E28917B003F060D /* WeatherForecast */ = {
			isa = PBXNativeTarget;
			buildConfigurationList = C92C05D11E28917B003F060D /* Build configuration list for PBXNativeTarget "WeatherForecast" */;
			buildPhases = (
				C92C05B01E28917B003F060D /* Sources */,
				C92C05B11E28917B003F060D /* Frameworks */,
				C92C05B21E28917B003F060D /* Resources */,
			);
			buildRules = (
			);
			dependencies = (
			);
			name = WeatherForecast;
			productName = WeatherForecast;
			productReference = C92C05B41E28917B003F060D /* WeatherForecast.app */;
			productType = "com.apple.product-type.application";
		};
		C92C05C71E28917B003F060D /* WeatherForecastTests */ = {
			isa = PBXNativeTarget;
			buildConfigurationList = C92C05D41E28917B003F060D /* Build configuration list for PBXNativeTarget "WeatherForecastTests" */;
			buildPhases = (
				C92C05C41E28917B003F060D /* Sources */,
				C92C05C51E28917B003F060D /* Frameworks */,
				C92C05C61E28917B003F060D /* Resources */,
			);
			buildRules = (
			);
			dependencies = (
				C92C05CA1E28917B003F060D /* PBXTargetDependency */,
			);
			name = WeatherForecastTests;
			productName = WeatherForecastTests;
			productReference = C92C05C81E28917B003F060D /* WeatherForecastTests.xctest */;
			productType = "com.apple.product-type.bundle.unit-test";
		};
/* End PBXNativeTarget section */

/* Begin PBXProject section */
		C92C05AC1E28917B003F060D /* Project object */ = {
			isa = PBXProject;
			attributes = {
				LastSwiftUpdateCheck = 0730;
				LastUpgradeCheck = 0730;
				ORGANIZATIONNAME = "Robosoft Technology";
				TargetAttributes = {
					C92C05B31E28917B003F060D = {
						CreatedOnToolsVersion = 7.3;
					};
					C92C05C71E28917B003F060D = {
						CreatedOnToolsVersion = 7.3;
						TestTargetID = C92C05B31E28917B003F060D;
					};
				};
			};
			buildConfigurationList = C92C05AF1E28917B003F060D /* Build configuration list for PBXProject "WeatherForecast" */;
			compatibilityVersion = "Xcode 3.2";
			developmentRegion = English;
			hasScannedForEncodings = 0;
			knownRegions = (
				en,
				Base,
			);
			mainGroup = C92C05AB1E28917B003F060D;
			productRefGroup = C92C05B51E28917B003F060D /* Products */;
			projectDirPath = "";
			projectRoot = "";
			targets = (
				C92C05B31E28917B003F060D /* WeatherForecast */,
				C92C05C71E28917B003F060D /* WeatherForecastTests */,
			);
		};
/* End PBXProject section */

/* Begin PBXResourcesBuildPhase section */
		C92C05B21E28917B003F060D /* Resources */ = {
			isa = PBXResourcesBuildPhase;
			buildActionMask = 2147483647;
			files = (
				C92C05C21E28917B003F060D /* LaunchScreen.storyboard in Resources */,
				C92C05BF1E28917B003F060D /* Assets.xcassets in Resources */,
				C92C05BD1E28917B003F060D /* Storyboard.storyboard in Resources */,
			);
			runOnlyForDeploymentPostprocessing = 0;
		};
		C92C05C61E28917B003F060D /* Resources */ = {
			isa = PBXResourcesBuildPhase;
			buildActionMask = 2147483647;
			files = (
			);
			runOnlyForDeploymentPostprocessing = 0;
		};
/* End PBXResourcesBuildPhase section */

/* Begin PBXSourcesBuildPhase section */
		C92C05B01E28917B003F060D /* Sources */ = {
			isa = PBXSourcesBuildPhase;
			buildActionMask = 2147483647;
			files = (
				C92C05B81E28917B003F060D /* AppDelegate.swift in Sources */,
				C92C05E21E2893C7003F060D /* WFWebServiceManager.swift in Sources */,
				C92C05EA1E289410003F060D /* WFAddCityViewController.swift in Sources */,
				C92C05E61E2893FB003F060D /* City.swift in Sources */,
			);
			runOnlyForDeploymentPostprocessing = 0;
		};
		C92C05C41E28917B003F060D /* Sources */ = {
			isa = PBXSourcesBuildPhase;
			buildActionMask = 2147483647;
			files = (
				C92C05CD1E28917B003F060D /* WeatherForecastTests.swift in Sources */,
			);
			runOnlyForDeploymentPostprocessing = 0;
		};
/* End PBXSourcesBuildPhase section */

/* Begin PBXTargetDependency section */
		C92C05CA1E28917B003F060D /* PBXTargetDependency */ = {
			isa = PBXTargetDependency;
			target = C92C05B31E28917B003F060D /* WeatherForecast */;
			targetProxy = C92C05C91E28917B003F060D /* PBXContainerItemProxy */;
		};
/* End PBXTargetDependency section */

/* Begin PBXVariantGroup section */
		C92C05BB1E28917B003F060D /* Storyboard.storyboard */ = {
			isa = PBXVariantGroup;
			children = (
				C92C05BC1E28917B003F060D /* Base */,
			);
			name = Storyboard.storyboard;
			sourceTree = "<group>";
		};
		C92C05C01E28917B003F060D /* LaunchScreen.storyboard */ = {
			isa = PBXVariantGroup;
			children = (
				C92C05C11E28917B003F060D /* Base */,
			);
			name = LaunchScreen.storyboard;
			sourceTree = "<group>";
		};
/* End PBXVariantGroup section */

/* Begin XCBuildConfiguration section */
		C92C05CF1E28917B003F060D /* Debug */ = {
			isa = XCBuildConfiguration;
			buildSettings = {
				ALWAYS_SEARCH_USER_PATHS = NO;
				CLANG_ANALYZER_NONNULL = YES;
				CLANG_CXX_LANGUAGE_STANDARD = "gnu++0x";
				CLANG_CXX_LIBRARY = "libc++";
				CLANG_ENABLE_MODULES = YES;
				CLANG_ENABLE_OBJC_ARC = YES;
				CLANG_WARN_BOOL_CONVERSION = YES;
				CLANG_WARN_CONSTANT_CONVERSION = YES;
				CLANG_WARN_DIRECT_OBJC_ISA_USAGE = YES_ERROR;
				CLANG_WARN_EMPTY_BODY = YES;
				CLANG_WARN_ENUM_CONVERSION = YES;
				CLANG_WARN_INT_CONVERSION = YES;
				CLANG_WARN_OBJC_ROOT_CLASS = YES_ERROR;
				CLANG_WARN_UNREACHABLE_CODE = YES;
				CLANG_WARN__DUPLICATE_METHOD_MATCH = YES;
				"CODE_SIGN_IDENTITY[sdk=iphoneos*]" = "iPhone Developer";
				COPY_PHASE_STRIP = NO;
				DEBUG_INFORMATION_FORMAT = dwarf;
				ENABLE_STRICT_OBJC_MSGSEND = YES;
				ENABLE_TESTABILITY = YES;
				GCC_C_LANGUAGE_STANDARD = gnu99;
				GCC_DYNAMIC_NO_PIC = NO;
				GCC_NO_COMMON_BLOCKS = YES;
				GCC_OPTIMIZATION_LEVEL = 0;
				GCC_PREPROCESSOR_DEFINITIONS = (
					"DEBUG=1",
					"$(inherited)",
				);
				GCC_WARN_64_TO_32_BIT_CONVERSION = YES;
				GCC_WARN_ABOUT_RETURN_TYPE = YES_ERROR;
				GCC_WARN_UNDECLARED_SELECTOR = YES;
				GCC_WARN_UNINITIALIZED_AUTOS = YES_AGGRESSIVE;
				GCC_WARN_UNUSED_FUNCTION = YES;
				GCC_WARN_UNUSED_VARIABLE = YES;
				IPHONEOS_DEPLOYMENT_TARGET = 9.3;
				MTL_ENABLE_DEBUG_INFO = YES;
				ONLY_ACTIVE_ARCH = YES;
				SDKROOT = iphoneos;
				SWIFT_OPTIMIZATION_LEVEL = "-Onone";
				TARGETED_DEVICE_FAMILY = "1,2";
			};
			name = Debug;
		};
		C92C05D01E28917B003F060D /* Release */ = {
			isa = XCBuildConfiguration;
			buildSettings = {
				ALWAYS_SEARCH_USER_PATHS = NO;
				CLANG_ANALYZER_NONNULL = YES;
				CLANG_CXX_LANGUAGE_STANDARD = "gnu++0x";
				CLANG_CXX_LIBRARY = "libc++";
				CLANG_ENABLE_MODULES = YES;
				CLANG_ENABLE_OBJC_ARC = YES;
				CLANG_WARN_BOOL_CONVERSION = YES;
				CLANG_WARN_CONSTANT_CONVERSION = YES;
				CLANG_WARN_DIRECT_OBJC_ISA_USAGE = YES_ERROR;
				CLANG_WARN_EMPTY_BODY = YES;
				CLANG_WARN_ENUM_CONVERSION = YES;
				CLANG_WARN_INT_CONVERSION = YES;
				CLANG_WARN_OBJC_ROOT_CLASS = YES_ERROR;
				CLANG_WARN_UNREACHABLE_CODE = YES;
				CLANG_WARN__DUPLICATE_METHOD_MATCH = YES;
				"CODE_SIGN_IDENTITY[sdk=iphoneos*]" = "iPhone Developer";
				COPY_PHASE_STRIP = NO;
				DEBUG_INFORMATION_FORMAT = "dwarf-with-dsym";
				ENABLE_NS_ASSERTIONS = NO;
				ENABLE_STRICT_OBJC_MSGSEND = YES;
				GCC_C_LANGUAGE_STANDARD = gnu99;
				GCC_NO_COMMON_BLOCKS = YES;
				GCC_WARN_64_TO_32_BIT_CONVERSION = YES;
				GCC_WARN_ABOUT_RETURN_TYPE = YES_ERROR;
				GCC_WARN_UNDECLARED_SELECTOR = YES;
				GCC_WARN_UNINITIALIZED_AUTOS = YES_AGGRESSIVE;
				GCC_WARN_UNUSED_FUNCTION = YES;
				GCC_WARN_UNUSED_VARIABLE = YES;
				IPHONEOS_DEPLOYMENT_TARGET = 9.3;
				MTL_ENABLE_DEBUG_INFO = NO;
				SDKROOT = iphoneos;
				TARGETED_DEVICE_FAMILY = "1,2";
				VALIDATE_PRODUCT = YES;
			};
			name = Release;
		};
		C92C05D21E28917B003F060D /* Debug */ = {
			isa = XCBuildConfiguration;
			buildSettings = {
				ASSETCATALOG_COMPILER_APPICON_NAME = AppIcon;
				INFOPLIST_FILE = WeatherForecast/Info.plist;
				LD_RUNPATH_SEARCH_PATHS = "$(inherited) @executable_path/Frameworks";
				PRODUCT_BUNDLE_IDENTIFIER = com.robosoft.in;
				PRODUCT_NAME = "$(TARGET_NAME)";
			};
			name = Debug;
		};
		C92C05D31E28917B003F060D /* Release */ = {
			isa = XCBuildConfiguration;
			buildSettings = {
				ASSETCATALOG_COMPILER_APPICON_NAME = AppIcon;
				INFOPLIST_FILE = WeatherForecast/Info.plist;
				LD_RUNPATH_SEARCH_PATHS = "$(inherited) @executable_path/Frameworks";
				PRODUCT_BUNDLE_IDENTIFIER = com.robosoft.in;
				PRODUCT_NAME = "$(TARGET_NAME)";
			};
			name = Release;
		};
		C92C05D51E28917B003F060D /* Debug */ = {
			isa = XCBuildConfiguration;
			buildSettings = {
				BUNDLE_LOADER = "$(TEST_HOST)";
				INFOPLIST_FILE = WeatherForecastTests/Info.plist;
				LD_RUNPATH_SEARCH_PATHS = "$(inherited) @executable_path/Frameworks @loader_path/Frameworks";
				PRODUCT_BUNDLE_IDENTIFIER = "Robosoft-Technology.WeatherForecastTests";
				PRODUCT_NAME = "$(TARGET_NAME)";
				TEST_HOST = "$(BUILT_PRODUCTS_DIR)/WeatherForecast.app/WeatherForecast";
			};
			name = Debug;
		};
		C92C05D61E28917B003F060D /* Release */ = {
			isa = XCBuildConfiguration;
			buildSettings = {
				BUNDLE_LOADER = "$(TEST_HOST)";
				INFOPLIST_FILE = WeatherForecastTests/Info.plist;
				LD_RUNPATH_SEARCH_PATHS = "$(inherited) @executable_path/Frameworks @loader_path/Frameworks";
				PRODUCT_BUNDLE_IDENTIFIER = "Robosoft-Technology.WeatherForecastTests";
				PRODUCT_NAME = "$(TARGET_NAME)";
				TEST_HOST = "$(BUILT_PRODUCTS_DIR)/WeatherForecast.app/WeatherForecast";
			};
			name = Release;
		};
/* End XCBuildConfiguration section */

/* Begin XCConfigurationList section */
		C92C05AF1E28917B003F060D /* Build configuration list for PBXProject "WeatherForecast" */ = {
			isa = XCConfigurationList;
			buildConfigurations = (
				C92C05CF1E28917B003F060D /* Debug */,
				C92C05D01E28917B003F060D /* Release */,
			);
			defaultConfigurationIsVisible = 0;
			defaultConfigurationName = Release;
		};
		C92C05D11E28917B003F060D /* Build configuration list for PBXNativeTarget "WeatherForecast" */ = {
			isa = XCConfigurationList;
			buildConfigurations = (
				C92C05D21E28917B003F060D /* Debug */,
				C92C05D31E28917B003F060D /* Release */,
			);
			defaultConfigurationIsVisible = 0;
		};
		C92C05D41E28917B003F060D /* Build configuration list for PBXNativeTarget "WeatherForecastTests" */ = {
			isa = XCConfigurationList;
			buildConfigurations = (
				C92C05D51E28917B003F060D /* Debug */,
				C92C05D61E28917B003F060D /* Release */,
			);
			defaultConfigurationIsVisible = 0;
		};
/* End XCConfigurationList section */
	};
	rootObject = C92C05AC1E28917B003F060D /* Project object */;
}
